
Microsoft Visual Studio Solution File, Format Version 12.00
Project("{FAE04EC0-301F-11D3-BF4B-00C04F79EFBC}") = "Poller", "Poller\Poller.csproj", "{004B55E7-3CB8-4DAF-B02F-7363B4773B3C}"
EndProject
Global
	GlobalSection(SolutionConfigurationPlatforms) = preSolution
		Debug|Any CPU = Debug|Any CPU
		Release|Any CPU = Release|Any CPU
	EndGlobalSection
	GlobalSection(ProjectConfigurationPlatforms) = postSolution
		{004B55E7-3CB8-4DAF-B02F-7363B4773B3C}.Debug|Any CPU.ActiveCfg = Debug|Any CPU
		{004B55E7-3CB8-4DAF-B02F-7363B4773B3C}.Debug|Any CPU.Build.0 = Debug|Any CPU
		{004B55E7-3CB8-4DAF-B02F-7363B4773B3C}.Release|Any CPU.ActiveCfg = Release|Any CPU
		{004B55E7-3CB8-4DAF-B02F-7363B4773B3C}.Release|Any CPU.Build.0 = Release|Any CPU
	EndGlobalSection
EndGlobal
